{
  "name": "lapiscode",
  "version": "alpha",
  "lockfileVersion": 2,
  "requires": true,
  "packages": {
    "": {
      "name": "lapiscode",
      "version": "alpha",
      "license": "SEE LICENSE IN LICENSE",
      "dependencies": {
        "@types/node": "^18.11.19",
        "js-hcl-parser": "^1.0.1",
        "typescript": "^4.9.5"
      }
    },
    "node_modules/@types/node": {
      "version": "18.11.19",
      "resolved": "https://registry.npmjs.org/@types/node/-/node-18.11.19.tgz",
      "integrity": "sha512-YUgMWAQBWLObABqrvx8qKO1enAvBUdjZOAWQ5grBAkp5LQv45jBvYKZ3oFS9iKRCQyFjqw6iuEa1vmFqtxYLZw=="
    },
    "node_modules/js-hcl-parser": {
      "version": "1.0.1",
      "resolved": "https://registry.npmjs.org/js-hcl-parser/-/js-hcl-parser-1.0.1.tgz",
      "integrity": "sha512-fCs/gex31g5FYiXItz6UJBJpKnQoRE7+B3yVv6YqPKce9/k/a0QlJXjoicfvt8jGLy8CHKJ641RXe93xSZCM7A=="
    },
    "node_modules/typescript": {
      "version": "4.9.5",
      "resolved": "https://registry.npmjs.org/typescript/-/typescript-4.9.5.tgz",
      "integrity": "sha512-1FXk9E2Hm+QzZQ7z+McJiHL4NW1F2EzMu9Nq9i3zAaGqibafqYwCVU6WyWAuyQRRzOlxou8xZSyXLEN8oKj24g==",
      "bin": {
        "tsc": "bin/tsc",
        "tsserver": "bin/tsserver"
      },
      "engines": {
        "node": ">=4.2.0"
      }
    }
  },
  "dependencies": {
    "@types/node": {
      "version": "18.11.19",
      "resolved": "https://registry.npmjs.org/@types/node/-/node-18.11.19.tgz",
      "integrity": "sha512-YUgMWAQBWLObABqrvx8qKO1enAvBUdjZOAWQ5grBAkp5LQv45jBvYKZ3oFS9iKRCQyFjqw6iuEa1vmFqtxYLZw=="
    },
    "js-hcl-parser": {
      "version": "1.0.1",
      "resolved": "https://registry.npmjs.org/js-hcl-parser/-/js-hcl-parser-1.0.1.tgz",
      "integrity": "sha512-fCs/gex31g5FYiXItz6UJBJpKnQoRE7+B3yVv6YqPKce9/k/a0QlJXjoicfvt8jGLy8CHKJ641RXe93xSZCM7A=="
    },
    "typescript": {
      "version": "4.9.5",
      "resolved": "https://registry.npmjs.org/typescript/-/typescript-4.9.5.tgz",
      "integrity": "sha512-1FXk9E2Hm+QzZQ7z+McJiHL4NW1F2EzMu9Nq9i3zAaGqibafqYwCVU6WyWAuyQRRzOlxou8xZSyXLEN8oKj24g=="
    }
  }
}
